%{
  "candid": {:hex, :candid, "1.0.0", "9ed241f1ff4dd1c68822e1ace352b9392af7fdd4a2dc955342b7606a3e3fbe2b", [:mix], [{:leb128, "~> 1.0.0", [hex: :leb128, repo: "hexpm", optional: false]}], "hexpm", "4e480d1880cadaefcd6887d6f709c37006e86f9b0fef8704a40f08c66e2ab296"},
  "castore": {:hex, :castore, "0.1.22", "4127549e411bedd012ca3a308dede574f43819fe9394254ca55ab4895abfa1a2", [:mix], [], "hexpm", "c17576df47eb5aa1ee40cc4134316a99f5cad3e215d5c77b8dd3cfef12a22cac"},
  "cbor": {:hex, :cbor, "1.0.1", "39511158e8ea5a57c1fcb9639aaa7efde67129678fee49ebbda780f6f24959b0", [:mix], [], "hexpm", "5431acbe7a7908f17f6a9cd43311002836a34a8ab01876918d8cfb709cd8b6a2"},
  "debouncer": {:hex, :debouncer, "0.1.8", "ab7f6eef7c9f029929bb2b737de6dc4bf12ac4ddedb49194ba00f4240b226b5a", [:mix], [], "hexpm", "77c4be1d10f984aec0dfbc50d43c16d7512605cabe6d79cadc0c8f4ba95d4906"},
  "diode_client": {:hex, :diode_client, "1.2.7", "4d6026cd16c477905635be5727f0c4ac3f3662b773569df1d66728f47135e4df", [:mix], [{:debouncer, "~> 0.1", [hex: :debouncer, repo: "hexpm", optional: false]}, {:ex_sha3, "~> 0.1.1", [hex: :ex_sha3, repo: "hexpm", optional: false]}, {:libsecp256k1, "~> 0.1", [hex: :libsecp256k1_diode_fork, repo: "hexpm", optional: false]}, {:network_monitor, "~> 1.1", [hex: :network_monitor, repo: "hexpm", optional: false]}, {:oncrash, "~> 0.1", [hex: :oncrash, repo: "hexpm", optional: false]}], "hexpm", "f6f78f9fc78317471734c6d9fc0cf2c47ea8f6cb2360f6a7228cbe0a4c15b27b"},
  "ex_sha3": {:hex, :ex_sha3, "0.1.4", "04a6198b95650b726a6f93c263729f3c5ef02747b2a3a82d4d25f0a81f78ede1", [:mix], [], "hexpm", "1abeda350eca73431a67f90b2d50e8dfff0e936c842c21dc34529dda753762d6"},
  "finch": {:hex, :finch, "0.13.0", "c881e5460ec563bf02d4f4584079e62201db676ed4c0ef3e59189331c4eddf7b", [:mix], [{:castore, "~> 0.1", [hex: :castore, repo: "hexpm", optional: false]}, {:mime, "~> 1.0 or ~> 2.0", [hex: :mime, repo: "hexpm", optional: false]}, {:mint, "~> 1.3", [hex: :mint, repo: "hexpm", optional: false]}, {:nimble_options, "~> 0.4.0", [hex: :nimble_options, repo: "hexpm", optional: false]}, {:nimble_pool, "~> 0.2.6", [hex: :nimble_pool, repo: "hexpm", optional: false]}, {:telemetry, "~> 0.4 or ~> 1.0", [hex: :telemetry, repo: "hexpm", optional: false]}], "hexpm", "49957dcde10dcdc042a123a507a9c5ec5a803f53646d451db2f7dea696fba6cc"},
  "hpax": {:hex, :hpax, "1.0.2", "762df951b0c399ff67cc57c3995ec3cf46d696e41f0bba17da0518d94acd4aac", [:mix], [], "hexpm", "2f09b4c1074e0abd846747329eaa26d535be0eb3d189fa69d812bfb8bfefd32f"},
  "jason": {:hex, :jason, "1.4.4", "b9226785a9aa77b6857ca22832cffa5d5011a667207eb2a0ad56adb5db443b8a", [:mix], [{:decimal, "~> 1.0 or ~> 2.0", [hex: :decimal, repo: "hexpm", optional: true]}], "hexpm", "c5eb0cab91f094599f94d55bc63409236a8ec69a21a67814529e8d5f6cc90b3b"},
  "leb128": {:hex, :leb128, "1.0.0", "06537b0e99dcd73a366ea9ca8f26622eee659243acac8b9a05765f0a25645c6b", [:mix], [], "hexpm", "b20463f62908fc893acaf7ab0379e995e941300b0ad4a245ac8667b95c1b1122"},
  "libsecp256k1": {:hex, :libsecp256k1_diode_fork, "0.1.18", "6690823a96c7dc04e2c4ab02da7a9be2b1df37a388587b316671ccb40e06c8cb", [:make, :mix], [], "hexpm", "7d1f761c70469f6fa6186c7670a6bb65ea7fac2c69cc6e7e021a175c705fbf5b"},
  "mime": {:hex, :mime, "2.0.6", "8f18486773d9b15f95f4f4f1e39b710045fa1de891fada4516559967276e4dc2", [:mix], [], "hexpm", "c9945363a6b26d747389aac3643f8e0e09d30499a138ad64fe8fd1d13d9b153e"},
  "mint": {:hex, :mint, "1.6.2", "af6d97a4051eee4f05b5500671d47c3a67dac7386045d87a904126fd4bbcea2e", [:mix], [{:castore, "~> 0.1.0 or ~> 1.0", [hex: :castore, repo: "hexpm", optional: true]}, {:hpax, "~> 0.1.1 or ~> 0.2.0 or ~> 1.0", [hex: :hpax, repo: "hexpm", optional: false]}], "hexpm", "5ee441dffc1892f1ae59127f74afe8fd82fda6587794278d924e4d90ea3d63f9"},
  "network_monitor": {:hex, :network_monitor, "1.1.4", "4e846bd8efa9b9ae20939e6d06f70da72aeecc883746c37fd3522ce4ea35e5f0", [:mix], [], "hexpm", "aba1b9997e82bb736be8326b17e73e71799dcc01a9faa0c396b61d28fc6b31f4"},
  "nimble_options": {:hex, :nimble_options, "0.4.0", "c89babbab52221a24b8d1ff9e7d838be70f0d871be823165c94dd3418eea728f", [:mix], [], "hexpm", "e6701c1af326a11eea9634a3b1c62b475339ace9456c1a23ec3bc9a847bca02d"},
  "nimble_pool": {:hex, :nimble_pool, "0.2.6", "91f2f4c357da4c4a0a548286c84a3a28004f68f05609b4534526871a22053cde", [:mix], [], "hexpm", "1c715055095d3f2705c4e236c18b618420a35490da94149ff8b580a2144f653f"},
  "oncrash": {:hex, :oncrash, "0.1.0", "9cf4ae8eba4ea250b579470172c5e9b8c75418b2264de7dbcf42e408d62e30fb", [:mix], [], "hexpm", "6968e775491cd857f9b6ff940bf2574fd1c2fab84fa7e14d5f56c39174c00018"},
  "telemetry": {:hex, :telemetry, "1.3.0", "fedebbae410d715cf8e7062c96a1ef32ec22e764197f70cda73d82778d61e7a2", [:rebar3], [], "hexpm", "7015fc8919dbe63764f4b4b87a95b7c0996bd539e0d499be6ec9d7f3875b79e6"},
}
